
Microsoft Visual Studio Solution File, Format Version 12.00
# Visual Studio Version 16
VisualStudioVersion = 16.0.30804.86
MinimumVisualStudioVersion = 10.0.40219.1
Project("{FAE04EC0-301F-11D3-BF4B-00C04F79EFBC}") = "MARA", "MARA\MARA.csproj", "{A7F8F7D9-EC7A-4A68-B70F-A70E52E28424}"
EndProject
Global
	GlobalSection(SolutionConfigurationPlatforms) = preSolution
		Debug|Any CPU = Debug|Any CPU
		Release|Any CPU = Release|Any CPU
	EndGlobalSection
	GlobalSection(ProjectConfigurationPlatforms) = postSolution
		{A7F8F7D9-EC7A-4A68-B70F-A70E52E28424}.Debug|Any CPU.ActiveCfg = Debug|Any CPU
		{A7F8F7D9-EC7A-4A68-B70F-A70E52E28424}.Debug|Any CPU.Build.0 = Debug|Any CPU
		{A7F8F7D9-EC7A-4A68-B70F-A70E52E28424}.Release|Any CPU.ActiveCfg = Release|Any CPU
		{A7F8F7D9-EC7A-4A68-B70F-A70E52E28424}.Release|Any CPU.Build.0 = Release|Any CPU
	EndGlobalSection
	GlobalSection(SolutionProperties) = preSolution
		HideSolutionNode = FALSE
	EndGlobalSection
	GlobalSection(ExtensibilityGlobals) = postSolution
		SolutionGuid = {8B3A0256-2744-416D-86DA-F22F8ED1DDA6}
	EndGlobalSection
EndGlobal
